
Microsoft Visual Studio Solution File, Format Version 12.00
# Visual Studio Version 17
VisualStudioVersion = 17.14.36121.58
MinimumVisualStudioVersion = 10.0.40219.1
Project("{2150E333-8FDC-42A3-9474-1A3956D46DE8}") = "Src", "Src", "{77F6D7CA-A5AA-4181-BCF3-C8A6427C56B5}"
EndProject
Project("{2150E333-8FDC-42A3-9474-1A3956D46DE8}") = "Tests", "Tests", "{4FFB7B43-FECF-4F3F-A9B1-9F20581436C5}"
EndProject
Project("{8BC9CEB8-8B4A-11D0-8D11-00A0C91BC942}") = "AttributeMemoryLeakTest", "Tests\AttributeMemoryLeakTest\AttributeMemoryLeakTest.vcxproj", "{A1B2C3D4-E5F6-7890-ABCD-EF1234567890}"
EndProject
Project("{2150E333-8FDC-42A3-9474-1A3956D46DE8}") = "Samples", "Samples", "{F26C6B22-38A5-4B41-8C3B-D7AED43F2100}"
EndProject
Project("{FAE04EC0-301F-11D3-BF4B-00C04F79EFBC}") = "CLInvoke", "Samples\CLInvoke\CLInvoke.csproj", "{4FC8678E-525E-4717-A192-6FBC668A5A73}"
EndProject
Project("{8BC9CEB8-8B4A-11D0-8D11-00A0C91BC942}") = "SlangNative", "src\Native\SlangNative.vcxproj", "{C3D8F1A9-2E4F-4B5A-9D1E-8F7C9D0E1F3C}"
EndProject
Project("{FAE04EC0-301F-11D3-BF4B-00C04F79EFBC}") = "Slang.Sdk", "src\Slang.Sdk\Slang.Sdk.csproj", "{5D0C7F01-4520-77EE-FBC6-52A3E11B5CC9}"
	ProjectSection(ProjectDependencies) = postProject
		{C3D8F1A9-2E4F-4B5A-9D1E-8F7C9D0E1F3C} = {C3D8F1A9-2E4F-4B5A-9D1E-8F7C9D0E1F3C}
	EndProjectSection
EndProject
Project("{FAE04EC0-301F-11D3-BF4B-00C04F79EFBC}") = "ReflectionAPI", "Samples\ReflectionAPI\ReflectionAPI.csproj", "{7C069BE1-BF4C-54CA-ABF4-87E697387D83}"
EndProject
Project("{FAE04EC0-301F-11D3-BF4B-00C04F79EFBC}") = "CompilationAPI", "Samples\CompilationAPI\CompilationAPI.csproj", "{403CA670-BC15-621F-8E26-2B0CB19BAC7A}"
EndProject
Project("{FAE04EC0-301F-11D3-BF4B-00C04F79EFBC}") = "SlangCube", "Samples\SlangCube\SlangCube.csproj", "{255DF523-B37F-4960-9761-26C65772D9EF}"
EndProject
Project("{FAE04EC0-301F-11D3-BF4B-00C04F79EFBC}") = "WinUITest", "WinUITest\WinUITest.csproj", "{9DDCD2F9-5BB3-4C8D-9907-A53BDAE29451}"
EndProject
Global
	GlobalSection(SolutionConfigurationPlatforms) = preSolution
		Debug|All = Debug|All
		Debug|Any CPU = Debug|Any CPU
		Debug|ARM64 = Debug|ARM64
		Debug|x64 = Debug|x64
		Debug|x86 = Debug|x86
		Release|All = Release|All
		Release|Any CPU = Release|Any CPU
		Release|ARM64 = Release|ARM64
		Release|x64 = Release|x64
		Release|x86 = Release|x86
	EndGlobalSection
	GlobalSection(ProjectConfigurationPlatforms) = postSolution
		{A1B2C3D4-E5F6-7890-ABCD-EF1234567890}.Debug|All.ActiveCfg = Debug|x64
		{A1B2C3D4-E5F6-7890-ABCD-EF1234567890}.Debug|All.Build.0 = Debug|x64
		{A1B2C3D4-E5F6-7890-ABCD-EF1234567890}.Debug|Any CPU.ActiveCfg = Debug|x64
		{A1B2C3D4-E5F6-7890-ABCD-EF1234567890}.Debug|Any CPU.Build.0 = Debug|x64
		{A1B2C3D4-E5F6-7890-ABCD-EF1234567890}.Debug|ARM64.ActiveCfg = Debug|x64
		{A1B2C3D4-E5F6-7890-ABCD-EF1234567890}.Debug|ARM64.Build.0 = Debug|x64
		{A1B2C3D4-E5F6-7890-ABCD-EF1234567890}.Debug|x64.ActiveCfg = Debug|x64
		{A1B2C3D4-E5F6-7890-ABCD-EF1234567890}.Debug|x64.Build.0 = Debug|x64
		{A1B2C3D4-E5F6-7890-ABCD-EF1234567890}.Debug|x86.ActiveCfg = Debug|x64
		{A1B2C3D4-E5F6-7890-ABCD-EF1234567890}.Debug|x86.Build.0 = Debug|x64
		{A1B2C3D4-E5F6-7890-ABCD-EF1234567890}.Release|All.ActiveCfg = Release|x64
		{A1B2C3D4-E5F6-7890-ABCD-EF1234567890}.Release|All.Build.0 = Release|x64
		{A1B2C3D4-E5F6-7890-ABCD-EF1234567890}.Release|Any CPU.ActiveCfg = Release|x64
		{A1B2C3D4-E5F6-7890-ABCD-EF1234567890}.Release|Any CPU.Build.0 = Release|x64
		{A1B2C3D4-E5F6-7890-ABCD-EF1234567890}.Release|ARM64.ActiveCfg = Release|x64
		{A1B2C3D4-E5F6-7890-ABCD-EF1234567890}.Release|ARM64.Build.0 = Release|x64
		{A1B2C3D4-E5F6-7890-ABCD-EF1234567890}.Release|x64.ActiveCfg = Release|x64
		{A1B2C3D4-E5F6-7890-ABCD-EF1234567890}.Release|x64.Build.0 = Release|x64
		{A1B2C3D4-E5F6-7890-ABCD-EF1234567890}.Release|x86.ActiveCfg = Release|x64
		{A1B2C3D4-E5F6-7890-ABCD-EF1234567890}.Release|x86.Build.0 = Release|x64
		{4FC8678E-525E-4717-A192-6FBC668A5A73}.Debug|All.ActiveCfg = Debug|Any CPU
		{4FC8678E-525E-4717-A192-6FBC668A5A73}.Debug|All.Build.0 = Debug|Any CPU
		{4FC8678E-525E-4717-A192-6FBC668A5A73}.Debug|Any CPU.ActiveCfg = Debug|Any CPU
		{4FC8678E-525E-4717-A192-6FBC668A5A73}.Debug|Any CPU.Build.0 = Debug|Any CPU
		{4FC8678E-525E-4717-A192-6FBC668A5A73}.Debug|ARM64.ActiveCfg = Debug|Any CPU
		{4FC8678E-525E-4717-A192-6FBC668A5A73}.Debug|ARM64.Build.0 = Debug|Any CPU
		{4FC8678E-525E-4717-A192-6FBC668A5A73}.Debug|x64.ActiveCfg = Debug|Any CPU
		{4FC8678E-525E-4717-A192-6FBC668A5A73}.Debug|x64.Build.0 = Debug|Any CPU
		{4FC8678E-525E-4717-A192-6FBC668A5A73}.Debug|x86.ActiveCfg = Debug|Any CPU
		{4FC8678E-525E-4717-A192-6FBC668A5A73}.Debug|x86.Build.0 = Debug|Any CPU
		{4FC8678E-525E-4717-A192-6FBC668A5A73}.Release|All.ActiveCfg = Release|Any CPU
		{4FC8678E-525E-4717-A192-6FBC668A5A73}.Release|All.Build.0 = Release|Any CPU
		{4FC8678E-525E-4717-A192-6FBC668A5A73}.Release|Any CPU.ActiveCfg = Release|Any CPU
		{4FC8678E-525E-4717-A192-6FBC668A5A73}.Release|Any CPU.Build.0 = Release|Any CPU
		{4FC8678E-525E-4717-A192-6FBC668A5A73}.Release|ARM64.ActiveCfg = Release|Any CPU
		{4FC8678E-525E-4717-A192-6FBC668A5A73}.Release|ARM64.Build.0 = Release|Any CPU
		{4FC8678E-525E-4717-A192-6FBC668A5A73}.Release|x64.ActiveCfg = Release|Any CPU
		{4FC8678E-525E-4717-A192-6FBC668A5A73}.Release|x64.Build.0 = Release|Any CPU
		{4FC8678E-525E-4717-A192-6FBC668A5A73}.Release|x86.ActiveCfg = Release|Any CPU
		{4FC8678E-525E-4717-A192-6FBC668A5A73}.Release|x86.Build.0 = Release|Any CPU
		{C3D8F1A9-2E4F-4B5A-9D1E-8F7C9D0E1F3C}.Debug|All.ActiveCfg = Debug|x64
		{C3D8F1A9-2E4F-4B5A-9D1E-8F7C9D0E1F3C}.Debug|All.Build.0 = Debug|x64
		{C3D8F1A9-2E4F-4B5A-9D1E-8F7C9D0E1F3C}.Debug|Any CPU.ActiveCfg = Debug|x64
		{C3D8F1A9-2E4F-4B5A-9D1E-8F7C9D0E1F3C}.Debug|Any CPU.Build.0 = Debug|x64
		{C3D8F1A9-2E4F-4B5A-9D1E-8F7C9D0E1F3C}.Debug|ARM64.ActiveCfg = Debug|ARM64
		{C3D8F1A9-2E4F-4B5A-9D1E-8F7C9D0E1F3C}.Debug|ARM64.Build.0 = Debug|ARM64
		{C3D8F1A9-2E4F-4B5A-9D1E-8F7C9D0E1F3C}.Debug|x64.ActiveCfg = Debug|x64
		{C3D8F1A9-2E4F-4B5A-9D1E-8F7C9D0E1F3C}.Debug|x64.Build.0 = Debug|x64
		{C3D8F1A9-2E4F-4B5A-9D1E-8F7C9D0E1F3C}.Debug|x86.ActiveCfg = Debug|x86
		{C3D8F1A9-2E4F-4B5A-9D1E-8F7C9D0E1F3C}.Debug|x86.Build.0 = Debug|x86
		{C3D8F1A9-2E4F-4B5A-9D1E-8F7C9D0E1F3C}.Release|All.ActiveCfg = Release|x64
		{C3D8F1A9-2E4F-4B5A-9D1E-8F7C9D0E1F3C}.Release|All.Build.0 = Release|x64
		{C3D8F1A9-2E4F-4B5A-9D1E-8F7C9D0E1F3C}.Release|Any CPU.ActiveCfg = Release|x64
		{C3D8F1A9-2E4F-4B5A-9D1E-8F7C9D0E1F3C}.Release|Any CPU.Build.0 = Release|x64
		{C3D8F1A9-2E4F-4B5A-9D1E-8F7C9D0E1F3C}.Release|ARM64.ActiveCfg = Release|ARM64
		{C3D8F1A9-2E4F-4B5A-9D1E-8F7C9D0E1F3C}.Release|ARM64.Build.0 = Release|ARM64
		{C3D8F1A9-2E4F-4B5A-9D1E-8F7C9D0E1F3C}.Release|x64.ActiveCfg = Release|x64
		{C3D8F1A9-2E4F-4B5A-9D1E-8F7C9D0E1F3C}.Release|x64.Build.0 = Release|x64
		{C3D8F1A9-2E4F-4B5A-9D1E-8F7C9D0E1F3C}.Release|x86.ActiveCfg = Release|x86
		{C3D8F1A9-2E4F-4B5A-9D1E-8F7C9D0E1F3C}.Release|x86.Build.0 = Release|x86
		{5D0C7F01-4520-77EE-FBC6-52A3E11B5CC9}.Debug|All.ActiveCfg = Debug|Any CPU
		{5D0C7F01-4520-77EE-FBC6-52A3E11B5CC9}.Debug|All.Build.0 = Debug|Any CPU
		{5D0C7F01-4520-77EE-FBC6-52A3E11B5CC9}.Debug|Any CPU.ActiveCfg = Debug|Any CPU
		{5D0C7F01-4520-77EE-FBC6-52A3E11B5CC9}.Debug|Any CPU.Build.0 = Debug|Any CPU
		{5D0C7F01-4520-77EE-FBC6-52A3E11B5CC9}.Debug|ARM64.ActiveCfg = Debug|Any CPU
		{5D0C7F01-4520-77EE-FBC6-52A3E11B5CC9}.Debug|ARM64.Build.0 = Debug|Any CPU
		{5D0C7F01-4520-77EE-FBC6-52A3E11B5CC9}.Debug|x64.ActiveCfg = Debug|Any CPU
		{5D0C7F01-4520-77EE-FBC6-52A3E11B5CC9}.Debug|x64.Build.0 = Debug|Any CPU
		{5D0C7F01-4520-77EE-FBC6-52A3E11B5CC9}.Debug|x86.ActiveCfg = Debug|Any CPU
		{5D0C7F01-4520-77EE-FBC6-52A3E11B5CC9}.Debug|x86.Build.0 = Debug|Any CPU
		{5D0C7F01-4520-77EE-FBC6-52A3E11B5CC9}.Release|All.ActiveCfg = Release|Any CPU
		{5D0C7F01-4520-77EE-FBC6-52A3E11B5CC9}.Release|All.Build.0 = Release|Any CPU
		{5D0C7F01-4520-77EE-FBC6-52A3E11B5CC9}.Release|Any CPU.ActiveCfg = Release|Any CPU
		{5D0C7F01-4520-77EE-FBC6-52A3E11B5CC9}.Release|Any CPU.Build.0 = Release|Any CPU
		{5D0C7F01-4520-77EE-FBC6-52A3E11B5CC9}.Release|ARM64.ActiveCfg = Release|Any CPU
		{5D0C7F01-4520-77EE-FBC6-52A3E11B5CC9}.Release|ARM64.Build.0 = Release|Any CPU
		{5D0C7F01-4520-77EE-FBC6-52A3E11B5CC9}.Release|x64.ActiveCfg = Release|Any CPU
		{5D0C7F01-4520-77EE-FBC6-52A3E11B5CC9}.Release|x64.Build.0 = Release|Any CPU
		{5D0C7F01-4520-77EE-FBC6-52A3E11B5CC9}.Release|x86.ActiveCfg = Release|Any CPU
		{5D0C7F01-4520-77EE-FBC6-52A3E11B5CC9}.Release|x86.Build.0 = Release|Any CPU
		{7C069BE1-BF4C-54CA-ABF4-87E697387D83}.Debug|All.ActiveCfg = Debug|Any CPU
		{7C069BE1-BF4C-54CA-ABF4-87E697387D83}.Debug|All.Build.0 = Debug|Any CPU
		{7C069BE1-BF4C-54CA-ABF4-87E697387D83}.Debug|Any CPU.ActiveCfg = Debug|Any CPU
		{7C069BE1-BF4C-54CA-ABF4-87E697387D83}.Debug|Any CPU.Build.0 = Debug|Any CPU
		{7C069BE1-BF4C-54CA-ABF4-87E697387D83}.Debug|ARM64.ActiveCfg = Debug|Any CPU
		{7C069BE1-BF4C-54CA-ABF4-87E697387D83}.Debug|ARM64.Build.0 = Debug|Any CPU
		{7C069BE1-BF4C-54CA-ABF4-87E697387D83}.Debug|x64.ActiveCfg = Debug|Any CPU
		{7C069BE1-BF4C-54CA-ABF4-87E697387D83}.Debug|x64.Build.0 = Debug|Any CPU
		{7C069BE1-BF4C-54CA-ABF4-87E697387D83}.Debug|x86.ActiveCfg = Debug|Any CPU
		{7C069BE1-BF4C-54CA-ABF4-87E697387D83}.Debug|x86.Build.0 = Debug|Any CPU
		{7C069BE1-BF4C-54CA-ABF4-87E697387D83}.Release|All.ActiveCfg = Release|Any CPU
		{7C069BE1-BF4C-54CA-ABF4-87E697387D83}.Release|All.Build.0 = Release|Any CPU
		{7C069BE1-BF4C-54CA-ABF4-87E697387D83}.Release|Any CPU.ActiveCfg = Release|Any CPU
		{7C069BE1-BF4C-54CA-ABF4-87E697387D83}.Release|Any CPU.Build.0 = Release|Any CPU
		{7C069BE1-BF4C-54CA-ABF4-87E697387D83}.Release|ARM64.ActiveCfg = Release|Any CPU
		{7C069BE1-BF4C-54CA-ABF4-87E697387D83}.Release|ARM64.Build.0 = Release|Any CPU
		{7C069BE1-BF4C-54CA-ABF4-87E697387D83}.Release|x64.ActiveCfg = Release|Any CPU
		{7C069BE1-BF4C-54CA-ABF4-87E697387D83}.Release|x64.Build.0 = Release|Any CPU
		{7C069BE1-BF4C-54CA-ABF4-87E697387D83}.Release|x86.ActiveCfg = Release|Any CPU
		{7C069BE1-BF4C-54CA-ABF4-87E697387D83}.Release|x86.Build.0 = Release|Any CPU
		{403CA670-BC15-621F-8E26-2B0CB19BAC7A}.Debug|All.ActiveCfg = Debug|Any CPU
		{403CA670-BC15-621F-8E26-2B0CB19BAC7A}.Debug|All.Build.0 = Debug|Any CPU
		{403CA670-BC15-621F-8E26-2B0CB19BAC7A}.Debug|Any CPU.ActiveCfg = Debug|Any CPU
		{403CA670-BC15-621F-8E26-2B0CB19BAC7A}.Debug|Any CPU.Build.0 = Debug|Any CPU
		{403CA670-BC15-621F-8E26-2B0CB19BAC7A}.Debug|ARM64.ActiveCfg = Debug|Any CPU
		{403CA670-BC15-621F-8E26-2B0CB19BAC7A}.Debug|ARM64.Build.0 = Debug|Any CPU
		{403CA670-BC15-621F-8E26-2B0CB19BAC7A}.Debug|x64.ActiveCfg = Debug|Any CPU
		{403CA670-BC15-621F-8E26-2B0CB19BAC7A}.Debug|x64.Build.0 = Debug|Any CPU
		{403CA670-BC15-621F-8E26-2B0CB19BAC7A}.Debug|x86.ActiveCfg = Debug|Any CPU
		{403CA670-BC15-621F-8E26-2B0CB19BAC7A}.Debug|x86.Build.0 = Debug|Any CPU
		{403CA670-BC15-621F-8E26-2B0CB19BAC7A}.Release|All.ActiveCfg = Release|Any CPU
		{403CA670-BC15-621F-8E26-2B0CB19BAC7A}.Release|All.Build.0 = Release|Any CPU
		{403CA670-BC15-621F-8E26-2B0CB19BAC7A}.Release|Any CPU.ActiveCfg = Release|Any CPU
		{403CA670-BC15-621F-8E26-2B0CB19BAC7A}.Release|Any CPU.Build.0 = Release|Any CPU
		{403CA670-BC15-621F-8E26-2B0CB19BAC7A}.Release|ARM64.ActiveCfg = Release|Any CPU
		{403CA670-BC15-621F-8E26-2B0CB19BAC7A}.Release|ARM64.Build.0 = Release|Any CPU
		{403CA670-BC15-621F-8E26-2B0CB19BAC7A}.Release|x64.ActiveCfg = Release|Any CPU
		{403CA670-BC15-621F-8E26-2B0CB19BAC7A}.Release|x64.Build.0 = Release|Any CPU
		{403CA670-BC15-621F-8E26-2B0CB19BAC7A}.Release|x86.ActiveCfg = Release|Any CPU
		{403CA670-BC15-621F-8E26-2B0CB19BAC7A}.Release|x86.Build.0 = Release|Any CPU
		{255DF523-B37F-4960-9761-26C65772D9EF}.Debug|All.ActiveCfg = Debug|Any CPU
		{255DF523-B37F-4960-9761-26C65772D9EF}.Debug|All.Build.0 = Debug|Any CPU
		{255DF523-B37F-4960-9761-26C65772D9EF}.Debug|Any CPU.ActiveCfg = Debug|Any CPU
		{255DF523-B37F-4960-9761-26C65772D9EF}.Debug|Any CPU.Build.0 = Debug|Any CPU
		{255DF523-B37F-4960-9761-26C65772D9EF}.Debug|ARM64.ActiveCfg = Debug|Any CPU
		{255DF523-B37F-4960-9761-26C65772D9EF}.Debug|ARM64.Build.0 = Debug|Any CPU
		{255DF523-B37F-4960-9761-26C65772D9EF}.Debug|x64.ActiveCfg = Debug|Any CPU
		{255DF523-B37F-4960-9761-26C65772D9EF}.Debug|x64.Build.0 = Debug|Any CPU
		{255DF523-B37F-4960-9761-26C65772D9EF}.Debug|x86.ActiveCfg = Debug|Any CPU
		{255DF523-B37F-4960-9761-26C65772D9EF}.Debug|x86.Build.0 = Debug|Any CPU
		{255DF523-B37F-4960-9761-26C65772D9EF}.Release|All.ActiveCfg = Release|Any CPU
		{255DF523-B37F-4960-9761-26C65772D9EF}.Release|All.Build.0 = Release|Any CPU
		{255DF523-B37F-4960-9761-26C65772D9EF}.Release|Any CPU.ActiveCfg = Release|Any CPU
		{255DF523-B37F-4960-9761-26C65772D9EF}.Release|Any CPU.Build.0 = Release|Any CPU
		{255DF523-B37F-4960-9761-26C65772D9EF}.Release|ARM64.ActiveCfg = Release|Any CPU
		{255DF523-B37F-4960-9761-26C65772D9EF}.Release|ARM64.Build.0 = Release|Any CPU
		{255DF523-B37F-4960-9761-26C65772D9EF}.Release|x64.ActiveCfg = Release|Any CPU
		{255DF523-B37F-4960-9761-26C65772D9EF}.Release|x64.Build.0 = Release|Any CPU
		{255DF523-B37F-4960-9761-26C65772D9EF}.Release|x86.ActiveCfg = Release|Any CPU
		{255DF523-B37F-4960-9761-26C65772D9EF}.Release|x86.Build.0 = Release|Any CPU
		{9DDCD2F9-5BB3-4C8D-9907-A53BDAE29451}.Debug|All.ActiveCfg = Debug|x64
		{9DDCD2F9-5BB3-4C8D-9907-A53BDAE29451}.Debug|All.Build.0 = Debug|x64
		{9DDCD2F9-5BB3-4C8D-9907-A53BDAE29451}.Debug|All.Deploy.0 = Debug|x64
		{9DDCD2F9-5BB3-4C8D-9907-A53BDAE29451}.Debug|Any CPU.ActiveCfg = Debug|x64
		{9DDCD2F9-5BB3-4C8D-9907-A53BDAE29451}.Debug|Any CPU.Build.0 = Debug|x64
		{9DDCD2F9-5BB3-4C8D-9907-A53BDAE29451}.Debug|Any CPU.Deploy.0 = Debug|x64
		{9DDCD2F9-5BB3-4C8D-9907-A53BDAE29451}.Debug|ARM64.ActiveCfg = Debug|ARM64
		{9DDCD2F9-5BB3-4C8D-9907-A53BDAE29451}.Debug|ARM64.Build.0 = Debug|ARM64
		{9DDCD2F9-5BB3-4C8D-9907-A53BDAE29451}.Debug|ARM64.Deploy.0 = Debug|ARM64
		{9DDCD2F9-5BB3-4C8D-9907-A53BDAE29451}.Debug|x64.ActiveCfg = Debug|x64
		{9DDCD2F9-5BB3-4C8D-9907-A53BDAE29451}.Debug|x64.Build.0 = Debug|x64
		{9DDCD2F9-5BB3-4C8D-9907-A53BDAE29451}.Debug|x64.Deploy.0 = Debug|x64
		{9DDCD2F9-5BB3-4C8D-9907-A53BDAE29451}.Debug|x86.ActiveCfg = Debug|x86
		{9DDCD2F9-5BB3-4C8D-9907-A53BDAE29451}.Debug|x86.Build.0 = Debug|x86
		{9DDCD2F9-5BB3-4C8D-9907-A53BDAE29451}.Debug|x86.Deploy.0 = Debug|x86
		{9DDCD2F9-5BB3-4C8D-9907-A53BDAE29451}.Release|All.ActiveCfg = Release|x64
		{9DDCD2F9-5BB3-4C8D-9907-A53BDAE29451}.Release|All.Build.0 = Release|x64
		{9DDCD2F9-5BB3-4C8D-9907-A53BDAE29451}.Release|All.Deploy.0 = Release|x64
		{9DDCD2F9-5BB3-4C8D-9907-A53BDAE29451}.Release|Any CPU.ActiveCfg = Release|x64
		{9DDCD2F9-5BB3-4C8D-9907-A53BDAE29451}.Release|Any CPU.Build.0 = Release|x64
		{9DDCD2F9-5BB3-4C8D-9907-A53BDAE29451}.Release|Any CPU.Deploy.0 = Release|x64
		{9DDCD2F9-5BB3-4C8D-9907-A53BDAE29451}.Release|ARM64.ActiveCfg = Release|ARM64
		{9DDCD2F9-5BB3-4C8D-9907-A53BDAE29451}.Release|ARM64.Build.0 = Release|ARM64
		{9DDCD2F9-5BB3-4C8D-9907-A53BDAE29451}.Release|ARM64.Deploy.0 = Release|ARM64
		{9DDCD2F9-5BB3-4C8D-9907-A53BDAE29451}.Release|x64.ActiveCfg = Release|x64
		{9DDCD2F9-5BB3-4C8D-9907-A53BDAE29451}.Release|x64.Build.0 = Release|x64
		{9DDCD2F9-5BB3-4C8D-9907-A53BDAE29451}.Release|x64.Deploy.0 = Release|x64
		{9DDCD2F9-5BB3-4C8D-9907-A53BDAE29451}.Release|x86.ActiveCfg = Release|x86
		{9DDCD2F9-5BB3-4C8D-9907-A53BDAE29451}.Release|x86.Build.0 = Release|x86
		{9DDCD2F9-5BB3-4C8D-9907-A53BDAE29451}.Release|x86.Deploy.0 = Release|x86
	EndGlobalSection
	GlobalSection(SolutionProperties) = preSolution
		HideSolutionNode = FALSE
	EndGlobalSection
	GlobalSection(NestedProjects) = preSolution
		{A1B2C3D4-E5F6-7890-ABCD-EF1234567890} = {4FFB7B43-FECF-4F3F-A9B1-9F20581436C5}
		{4FC8678E-525E-4717-A192-6FBC668A5A73} = {F26C6B22-38A5-4B41-8C3B-D7AED43F2100}
		{C3D8F1A9-2E4F-4B5A-9D1E-8F7C9D0E1F3C} = {77F6D7CA-A5AA-4181-BCF3-C8A6427C56B5}
		{5D0C7F01-4520-77EE-FBC6-52A3E11B5CC9} = {77F6D7CA-A5AA-4181-BCF3-C8A6427C56B5}
		{7C069BE1-BF4C-54CA-ABF4-87E697387D83} = {F26C6B22-38A5-4B41-8C3B-D7AED43F2100}
		{403CA670-BC15-621F-8E26-2B0CB19BAC7A} = {F26C6B22-38A5-4B41-8C3B-D7AED43F2100}
		{255DF523-B37F-4960-9761-26C65772D9EF} = {F26C6B22-38A5-4B41-8C3B-D7AED43F2100}
		{9DDCD2F9-5BB3-4C8D-9907-A53BDAE29451} = {4FFB7B43-FECF-4F3F-A9B1-9F20581436C5}
	EndGlobalSection
	GlobalSection(ExtensibilityGlobals) = postSolution
		SolutionGuid = {65F94817-5891-4CED-ACDB-BA80C4CE1E34}
	EndGlobalSection
EndGlobal
